# THIS IS AN AUTOGENERATED FILE. DO NOT EDIT THIS FILE DIRECTLY.
# yarn lockfile v1


"@algolia/autocomplete-core@1.7.4":
  version "1.7.4"
  resolved "https://registry.npmjs.org/@algolia/autocomplete-core/-/autocomplete-core-1.7.4.tgz#85ff36b2673654a393c8c505345eaedd6eaa4f70"
  integrity sha512-daoLpQ3ps/VTMRZDEBfU8ixXd+amZcNJ4QSP3IERGyzqnL5Ch8uSRFt/4G8pUvW9c3o6GA4vtVv4I4lmnkdXyg==
  dependencies:
    "@algolia/autocomplete-shared" "1.7.4"

"@algolia/autocomplete-preset-algolia@1.7.4":
  version "1.7.4"
  resolved "https://registry.npmjs.org/@algolia/autocomplete-preset-algolia/-/autocomplete-preset-algolia-1.7.4.tgz#610ee1d887962f230b987cba2fd6556478000bc3"
  integrity sha512-s37hrvLEIfcmKY8VU9LsAXgm2yfmkdHT3DnA3SgHaY93yjZ2qL57wzb5QweVkYuEBZkT2PIREvRoLXC2sxTbpQ==
  dependencies:
    "@algolia/autocomplete-shared" "1.7.4"

"@algolia/autocomplete-shared@1.7.4":
  version "1.7.4"
  resolved "https://registry.npmjs.org/@algolia/autocomplete-shared/-/autocomplete-shared-1.7.4.tgz#78aea1140a50c4d193e1f06a13b7f12c5e2cbeea"
  integrity sha512-2VGCk7I9tA9Ge73Km99+Qg87w0wzW4tgUruvWAn/gfey1ZXgmxZtyIRBebk35R1O8TbK77wujVtCnpsGpRy1kg==

"@algolia/cache-browser-local-storage@4.10.5":
  version "4.10.5"
  resolved "https://registry-npm.daojia-inc.com/@algolia/cache-browser-local-storage/download/@algolia/cache-browser-local-storage-4.10.5.tgz#961cf07cf59955de17af13bd74f7806bd2119553"
  integrity sha1-lhzwfPWZVd4XrxO9dPeAa9IRlVM=
  dependencies:
    "@algolia/cache-common" "4.10.5"

"@algolia/cache-common@4.10.5":
  version "4.10.5"
  resolved "https://registry-npm.daojia-inc.com/@algolia/cache-common/download/@algolia/cache-common-4.10.5.tgz#9510419e9dfb6d8814582c6b20615196f213a9d6"
  integrity sha1-lRBBnp37bYgUWCxrIGFRlvITqdY=

"@algolia/cache-in-memory@4.10.5":
  version "4.10.5"
  resolved "https://registry-npm.daojia-inc.com/@algolia/cache-in-memory/download/@algolia/cache-in-memory-4.10.5.tgz#de9331cb86734bf7f7624063cdaa639e43509be1"
  integrity sha1-3pMxy4ZzS/f3YkBjzapjnkNQm+E=
  dependencies:
    "@algolia/cache-common" "4.10.5"

"@algolia/client-account@4.10.5":
  version "4.10.5"
  resolved "https://registry-npm.daojia-inc.com/@algolia/client-account/download/@algolia/client-account-4.10.5.tgz#82f7c330fc5f0625b5b559afe9c6b1aa6722b6cf"
  integrity sha1-gvfDMPxfBiW1tVmv6caxqmcits8=
  dependencies:
    "@algolia/client-common" "4.10.5"
    "@algolia/client-search" "4.10.5"
    "@algolia/transporter" "4.10.5"

"@algolia/client-analytics@4.10.5":
  version "4.10.5"
  resolved "https://registry-npm.daojia-inc.com/@algolia/client-analytics/download/@algolia/client-analytics-4.10.5.tgz#269e47c9de7e53e9e05e4a2d3c380607c3d2631f"
  integrity sha1-Jp5Hyd5+U+ngXkotPDgGB8PSYx8=
  dependencies:
    "@algolia/client-common" "4.10.5"
    "@algolia/client-search" "4.10.5"
    "@algolia/requester-common" "4.10.5"
    "@algolia/transporter" "4.10.5"

"@algolia/client-common@4.10.5":
  version "4.10.5"
  resolved "https://registry-npm.daojia-inc.com/@algolia/client-common/download/@algolia/client-common-4.10.5.tgz#a7d0833796a9a2da68be16be76b6dc3962bf2f18"
  integrity sha1-p9CDN5apotpovha+drbcOWK/Lxg=
  dependencies:
    "@algolia/requester-common" "4.10.5"
    "@algolia/transporter" "4.10.5"

"@algolia/client-personalization@4.10.5":
  version "4.10.5"
  resolved "https://registry-npm.daojia-inc.com/@algolia/client-personalization/download/@algolia/client-personalization-4.10.5.tgz#78a8fb8161bdbeaa66b400b3283640ef689e155b"
  integrity sha1-eKj7gWG9vqpmtACzKDZA72ieFVs=
  dependencies:
    "@algolia/client-common" "4.10.5"
    "@algolia/requester-common" "4.10.5"
    "@algolia/transporter" "4.10.5"

"@algolia/client-search@4.10.5":
  version "4.10.5"
  resolved "https://registry-npm.daojia-inc.com/@algolia/client-search/download/@algolia/client-search-4.10.5.tgz#47907232a3e4ecf2aa4459b8de17242afd88147c"
  integrity sha1-R5ByMqPk7PKqRFm43hckKv2IFHw=
  dependencies:
    "@algolia/client-common" "4.10.5"
    "@algolia/requester-common" "4.10.5"
    "@algolia/transporter" "4.10.5"

"@algolia/logger-common@4.10.5":
  version "4.10.5"
  resolved "https://registry-npm.daojia-inc.com/@algolia/logger-common/download/@algolia/logger-common-4.10.5.tgz#cf807107e755ad4a72c5afc787e968ff1196f1cc"
  integrity sha1-z4BxB+dVrUpyxa/Hh+lo/xGW8cw=

"@algolia/logger-console@4.10.5":
  version "4.10.5"
  resolved "https://registry-npm.daojia-inc.com/@algolia/logger-console/download/@algolia/logger-console-4.10.5.tgz#f961a7a7c6718c3f3842fb9b522d47b03b9df8ad"
  integrity sha1-+WGnp8ZxjD84QvubUi1HsDud+K0=
  dependencies:
    "@algolia/logger-common" "4.10.5"

"@algolia/requester-browser-xhr@4.10.5":
  version "4.10.5"
  resolved "https://registry-npm.daojia-inc.com/@algolia/requester-browser-xhr/download/@algolia/requester-browser-xhr-4.10.5.tgz#7063e3bc6d9c72bc535e1794352eddf47459dfe6"
  integrity sha1-cGPjvG2ccrxTXheUNS7d9HRZ3+Y=
  dependencies:
    "@algolia/requester-common" "4.10.5"

"@algolia/requester-common@4.10.5":
  version "4.10.5"
  resolved "https://registry-npm.daojia-inc.com/@algolia/requester-common/download/@algolia/requester-common-4.10.5.tgz#52abfbf10b743d26afd3ce20f62771bc393ff4f0"
  integrity sha1-Uqv78Qt0PSav084g9idxvDk/9PA=

"@algolia/requester-node-http@4.10.5":
  version "4.10.5"
  resolved "https://registry-npm.daojia-inc.com/@algolia/requester-node-http/download/@algolia/requester-node-http-4.10.5.tgz#db7e9ece1fda1b71a28c8e623666aaa096320b5c"
  integrity sha1-236ezh/aG3GijI5iNmaqoJYyC1w=
  dependencies:
    "@algolia/requester-common" "4.10.5"

"@algolia/transporter@4.10.5":
  version "4.10.5"
  resolved "https://registry-npm.daojia-inc.com/@algolia/transporter/download/@algolia/transporter-4.10.5.tgz#9354989f12af3e2ce7d3109a94f519d467a960e0"
  integrity sha1-k1SYnxKvPizn0xCalPUZ1GepYOA=
  dependencies:
    "@algolia/cache-common" "4.10.5"
    "@algolia/logger-common" "4.10.5"
    "@algolia/requester-common" "4.10.5"

"@babel/parser@^7.16.4":
  version "7.21.3"
  resolved "https://registry-npm.daojia-inc.com/@babel/parser/download/@babel/parser-7.21.3.tgz#1d285d67a19162ff9daa358d4cb41d50c06220b3"
  integrity sha1-HShdZ6GRYv+dqjWNTLQdUMBiILM=

"@docsearch/css@3.3.3", "@docsearch/css@^3.3.3":
  version "3.3.3"
  resolved "https://registry.npmjs.org/@docsearch/css/-/css-3.3.3.tgz#f9346c9e24602218341f51b8ba91eb9109add434"
  integrity sha512-6SCwI7P8ao+se1TUsdZ7B4XzL+gqeQZnBc+2EONZlcVa0dVrk0NjETxozFKgMv0eEGH8QzP1fkN+A1rH61l4eg==

"@docsearch/js@^3.3.3":
  version "3.3.3"
  resolved "https://registry.npmjs.org/@docsearch/js/-/js-3.3.3.tgz#70725a7a8fe92d221fcf0593263b936389d3728f"
  integrity sha512-2xAv2GFuHzzmG0SSZgf8wHX0qZX8n9Y1ZirKUk5Wrdc+vH9CL837x2hZIUdwcPZI9caBA+/CzxsS68O4waYjUQ==
  dependencies:
    "@docsearch/react" "3.3.3"
    preact "^10.0.0"

"@docsearch/react@3.3.3":
  version "3.3.3"
  resolved "https://registry.npmjs.org/@docsearch/react/-/react-3.3.3.tgz#907b6936a565f880b4c0892624b4f7a9f132d298"
  integrity sha512-pLa0cxnl+G0FuIDuYlW+EBK6Rw2jwLw9B1RHIeS4N4s2VhsfJ/wzeCi3CWcs5yVfxLd5ZK50t//TMA5e79YT7Q==
  dependencies:
    "@algolia/autocomplete-core" "1.7.4"
    "@algolia/autocomplete-preset-algolia" "1.7.4"
    "@docsearch/css" "3.3.3"
    algoliasearch "^4.0.0"

"@esbuild/android-arm64@0.17.12":
  version "0.17.12"
  resolved "https://registry.npmjs.org/@esbuild/android-arm64/-/android-arm64-0.17.12.tgz#15a8e2b407d03989b899e325151dc2e96d19c620"
  integrity sha512-WQ9p5oiXXYJ33F2EkE3r0FRDFVpEdcDiwNX3u7Xaibxfx6vQE0Sb8ytrfQsA5WO6kDn6mDfKLh6KrPBjvkk7xA==

"@esbuild/android-arm@0.17.12":
  version "0.17.12"
  resolved "https://registry.npmjs.org/@esbuild/android-arm/-/android-arm-0.17.12.tgz#677a09297e1f4f37aba7b4fc4f31088b00484985"
  integrity sha512-E/sgkvwoIfj4aMAPL2e35VnUJspzVYl7+M1B2cqeubdBhADV4uPon0KCc8p2G+LqSJ6i8ocYPCqY3A4GGq0zkQ==

"@esbuild/android-x64@0.17.12":
  version "0.17.12"
  resolved "https://registry.npmjs.org/@esbuild/android-x64/-/android-x64-0.17.12.tgz#b292729eef4e0060ae1941f6a021c4d2542a3521"
  integrity sha512-m4OsaCr5gT+se25rFPHKQXARMyAehHTQAz4XX1Vk3d27VtqiX0ALMBPoXZsGaB6JYryCLfgGwUslMqTfqeLU0w==

"@esbuild/darwin-arm64@0.17.12":
  version "0.17.12"
  resolved "https://registry.npmjs.org/@esbuild/darwin-arm64/-/darwin-arm64-0.17.12.tgz#efa35318df931da05825894e1787b976d55adbe3"
  integrity sha512-O3GCZghRIx+RAN0NDPhyyhRgwa19MoKlzGonIb5hgTj78krqp9XZbYCvFr9N1eUxg0ZQEpiiZ4QvsOQwBpP+lg==

"@esbuild/darwin-x64@0.17.12":
  version "0.17.12"
  resolved "https://registry.npmjs.org/@esbuild/darwin-x64/-/darwin-x64-0.17.12.tgz#e7b54bb3f6dc81aadfd0485cd1623c648157e64d"
  integrity sha512-5D48jM3tW27h1qjaD9UNRuN+4v0zvksqZSPZqeSWggfMlsVdAhH3pwSfQIFJwcs9QJ9BRibPS4ViZgs3d2wsCA==

"@esbuild/freebsd-arm64@0.17.12":
  version "0.17.12"
  resolved "https://registry.npmjs.org/@esbuild/freebsd-arm64/-/freebsd-arm64-0.17.12.tgz#99a18a8579d6299c449566fe91d9b6a54cf2a591"
  integrity sha512-OWvHzmLNTdF1erSvrfoEBGlN94IE6vCEaGEkEH29uo/VoONqPnoDFfShi41Ew+yKimx4vrmmAJEGNoyyP+OgOQ==

"@esbuild/freebsd-x64@0.17.12":
  version "0.17.12"
  resolved "https://registry.npmjs.org/@esbuild/freebsd-x64/-/freebsd-x64-0.17.12.tgz#0e090190fede307fb4022f671791a50dd5121abd"
  integrity sha512-A0Xg5CZv8MU9xh4a+7NUpi5VHBKh1RaGJKqjxe4KG87X+mTjDE6ZvlJqpWoeJxgfXHT7IMP9tDFu7IZ03OtJAw==

"@esbuild/linux-arm64@0.17.12":
  version "0.17.12"
  resolved "https://registry.npmjs.org/@esbuild/linux-arm64/-/linux-arm64-0.17.12.tgz#7fe2a69f8a1a7153fa2b0f44aabcadb59475c7e0"
  integrity sha512-cK3AjkEc+8v8YG02hYLQIQlOznW+v9N+OI9BAFuyqkfQFR+DnDLhEM5N8QRxAUz99cJTo1rLNXqRrvY15gbQUg==

"@esbuild/linux-arm@0.17.12":
  version "0.17.12"
  resolved "https://registry.npmjs.org/@esbuild/linux-arm/-/linux-arm-0.17.12.tgz#b87c76ebf1fe03e01fd6bb5cfc2f3c5becd5ee93"
  integrity sha512-WsHyJ7b7vzHdJ1fv67Yf++2dz3D726oO3QCu8iNYik4fb5YuuReOI9OtA+n7Mk0xyQivNTPbl181s+5oZ38gyA==

"@esbuild/linux-ia32@0.17.12":
  version "0.17.12"
  resolved "https://registry.npmjs.org/@esbuild/linux-ia32/-/linux-ia32-0.17.12.tgz#9e9357090254524d32e6708883a47328f3037858"
  integrity sha512-jdOBXJqcgHlah/nYHnj3Hrnl9l63RjtQ4vn9+bohjQPI2QafASB5MtHAoEv0JQHVb/xYQTFOeuHnNYE1zF7tYw==

"@esbuild/linux-loong64@0.17.12":
  version "0.17.12"
  resolved "https://registry.npmjs.org/@esbuild/linux-loong64/-/linux-loong64-0.17.12.tgz#9deb605f9e2c82f59412ddfefb4b6b96d54b5b5b"
  integrity sha512-GTOEtj8h9qPKXCyiBBnHconSCV9LwFyx/gv3Phw0pa25qPYjVuuGZ4Dk14bGCfGX3qKF0+ceeQvwmtI+aYBbVA==

"@esbuild/linux-mips64el@0.17.12":
  version "0.17.12"
  resolved "https://registry.npmjs.org/@esbuild/linux-mips64el/-/linux-mips64el-0.17.12.tgz#6ef170b974ddf5e6acdfa5b05f22b6e9dfd2b003"
  integrity sha512-o8CIhfBwKcxmEENOH9RwmUejs5jFiNoDw7YgS0EJTF6kgPgcqLFjgoc5kDey5cMHRVCIWc6kK2ShUePOcc7RbA==

"@esbuild/linux-ppc64@0.17.12":
  version "0.17.12"
  resolved "https://registry.npmjs.org/@esbuild/linux-ppc64/-/linux-ppc64-0.17.12.tgz#1638d3d4acf1d34aaf37cf8908c2e1cefed16204"
  integrity sha512-biMLH6NR/GR4z+ap0oJYb877LdBpGac8KfZoEnDiBKd7MD/xt8eaw1SFfYRUeMVx519kVkAOL2GExdFmYnZx3A==

"@esbuild/linux-riscv64@0.17.12":
  version "0.17.12"
  resolved "https://registry.npmjs.org/@esbuild/linux-riscv64/-/linux-riscv64-0.17.12.tgz#135b6e9270a8e2de2b9094bb21a287517df520ef"
  integrity sha512-jkphYUiO38wZGeWlfIBMB72auOllNA2sLfiZPGDtOBb1ELN8lmqBrlMiucgL8awBw1zBXN69PmZM6g4yTX84TA==

"@esbuild/linux-s390x@0.17.12":
  version "0.17.12"
  resolved "https://registry.npmjs.org/@esbuild/linux-s390x/-/linux-s390x-0.17.12.tgz#21e40830770c5d08368e300842bde382ce97d615"
  integrity sha512-j3ucLdeY9HBcvODhCY4b+Ds3hWGO8t+SAidtmWu/ukfLLG/oYDMaA+dnugTVAg5fnUOGNbIYL9TOjhWgQB8W5g==

"@esbuild/linux-x64@0.17.12":
  version "0.17.12"
  resolved "https://registry.npmjs.org/@esbuild/linux-x64/-/linux-x64-0.17.12.tgz#76c1c199871d48e1aaa47a762fb9e0dca52e1f7a"
  integrity sha512-uo5JL3cgaEGotaqSaJdRfFNSCUJOIliKLnDGWaVCgIKkHxwhYMm95pfMbWZ9l7GeW9kDg0tSxcy9NYdEtjwwmA==

"@esbuild/netbsd-x64@0.17.12":
  version "0.17.12"
  resolved "https://registry.npmjs.org/@esbuild/netbsd-x64/-/netbsd-x64-0.17.12.tgz#c7c3b3017a4b938c76c35f66af529baf62eac527"
  integrity sha512-DNdoRg8JX+gGsbqt2gPgkgb00mqOgOO27KnrWZtdABl6yWTST30aibGJ6geBq3WM2TIeW6COs5AScnC7GwtGPg==

"@esbuild/openbsd-x64@0.17.12":
  version "0.17.12"
  resolved "https://registry.npmjs.org/@esbuild/openbsd-x64/-/openbsd-x64-0.17.12.tgz#05d04217d980e049001afdbeacbb58d31bb5cefb"
  integrity sha512-aVsENlr7B64w8I1lhHShND5o8cW6sB9n9MUtLumFlPhG3elhNWtE7M1TFpj3m7lT3sKQUMkGFjTQBrvDDO1YWA==

"@esbuild/sunos-x64@0.17.12":
  version "0.17.12"
  resolved "https://registry.npmjs.org/@esbuild/sunos-x64/-/sunos-x64-0.17.12.tgz#cf3862521600e4eb6c440ec3bad31ed40fb87ef3"
  integrity sha512-qbHGVQdKSwi0JQJuZznS4SyY27tYXYF0mrgthbxXrZI3AHKuRvU+Eqbg/F0rmLDpW/jkIZBlCO1XfHUBMNJ1pg==

"@esbuild/win32-arm64@0.17.12":
  version "0.17.12"
  resolved "https://registry.npmjs.org/@esbuild/win32-arm64/-/win32-arm64-0.17.12.tgz#43dd7fb5be77bf12a1550355ab2b123efd60868e"
  integrity sha512-zsCp8Ql+96xXTVTmm6ffvoTSZSV2B/LzzkUXAY33F/76EajNw1m+jZ9zPfNJlJ3Rh4EzOszNDHsmG/fZOhtqDg==

"@esbuild/win32-ia32@0.17.12":
  version "0.17.12"
  resolved "https://registry.npmjs.org/@esbuild/win32-ia32/-/win32-ia32-0.17.12.tgz#9940963d0bff4ea3035a84e2b4c6e41c5e6296eb"
  integrity sha512-FfrFjR4id7wcFYOdqbDfDET3tjxCozUgbqdkOABsSFzoZGFC92UK7mg4JKRc/B3NNEf1s2WHxJ7VfTdVDPN3ng==

"@esbuild/win32-x64@0.17.12":
  version "0.17.12"
  resolved "https://registry.npmjs.org/@esbuild/win32-x64/-/win32-x64-0.17.12.tgz#3a11d13e9a5b0c05db88991b234d8baba1f96487"
  integrity sha512-JOOxw49BVZx2/5tW3FqkdjSD/5gXYeVGPDcB0lvap0gLQshkh1Nyel1QazC+wNxus3xPlsYAgqU1BUmrmCvWtw==

"@types/web-bluetooth@^0.0.16":
  version "0.0.16"
  resolved "https://registry.npmjs.org/@types/web-bluetooth/-/web-bluetooth-0.0.16.tgz#1d12873a8e49567371f2a75fe3e7f7edca6662d8"
  integrity sha512-oh8q2Zc32S6gd/j50GowEjKLoOVOwHP/bWVjKJInBwQqdOYMdPrf1oVlelTlyfFK3CKxL1uahMDAr+vy8T7yMQ==

"@vitejs/plugin-vue@^4.1.0":
  version "4.1.0"
  resolved "https://registry.npmjs.org/@vitejs/plugin-vue/-/plugin-vue-4.1.0.tgz#b6a9d83cd91575f7ee15593f6444397f68751073"
  integrity sha512-++9JOAFdcXI3lyer9UKUV4rfoQ3T1RN8yDqoCLar86s0xQct5yblxAE+yWgRnU5/0FOlVCpTZpYSBV/bGWrSrQ==

"@vue/compiler-core@3.2.47":
  version "3.2.47"
  resolved "https://registry-npm.daojia-inc.com/@vue/compiler-core/download/@vue/compiler-core-3.2.47.tgz#3e07c684d74897ac9aa5922c520741f3029267f8"
  integrity sha1-PgfGhNdIl6yapZIsUgdB8wKSZ/g=
  dependencies:
    "@babel/parser" "^7.16.4"
    "@vue/shared" "3.2.47"
    estree-walker "^2.0.2"
    source-map "^0.6.1"

"@vue/compiler-dom@3.2.47":
  version "3.2.47"
  resolved "https://registry-npm.daojia-inc.com/@vue/compiler-dom/download/@vue/compiler-dom-3.2.47.tgz#a0b06caf7ef7056939e563dcaa9cbde30794f305"
  integrity sha1-oLBsr373BWk55WPcqpy94weU8wU=
  dependencies:
    "@vue/compiler-core" "3.2.47"
    "@vue/shared" "3.2.47"

"@vue/compiler-sfc@3.2.47":
  version "3.2.47"
  resolved "https://registry-npm.daojia-inc.com/@vue/compiler-sfc/download/@vue/compiler-sfc-3.2.47.tgz#1bdc36f6cdc1643f72e2c397eb1a398f5004ad3d"
  integrity sha1-G9w29s3BZD9y4sOX6xo5j1AErT0=
  dependencies:
    "@babel/parser" "^7.16.4"
    "@vue/compiler-core" "3.2.47"
    "@vue/compiler-dom" "3.2.47"
    "@vue/compiler-ssr" "3.2.47"
    "@vue/reactivity-transform" "3.2.47"
    "@vue/shared" "3.2.47"
    estree-walker "^2.0.2"
    magic-string "^0.25.7"
    postcss "^8.1.10"
    source-map "^0.6.1"

"@vue/compiler-ssr@3.2.47":
  version "3.2.47"
  resolved "https://registry-npm.daojia-inc.com/@vue/compiler-ssr/download/@vue/compiler-ssr-3.2.47.tgz#35872c01a273aac4d6070ab9d8da918ab13057ee"
  integrity sha1-NYcsAaJzqsTWBwq52NqRirEwV+4=
  dependencies:
    "@vue/compiler-dom" "3.2.47"
    "@vue/shared" "3.2.47"

"@vue/devtools-api@^6.5.0":
  version "6.5.0"
  resolved "https://registry.npmjs.org/@vue/devtools-api/-/devtools-api-6.5.0.tgz#98b99425edee70b4c992692628fa1ea2c1e57d07"
  integrity sha512-o9KfBeaBmCKl10usN4crU53fYtC1r7jJwdGKjPT24t348rHxgfpZ0xL3Xm/gLUYnc0oTp8LAmrxOeLyu6tbk2Q==

"@vue/reactivity-transform@3.2.47":
  version "3.2.47"
  resolved "https://registry-npm.daojia-inc.com/@vue/reactivity-transform/download/@vue/reactivity-transform-3.2.47.tgz#e45df4d06370f8abf29081a16afd25cffba6d84e"
  integrity sha1-5F300GNw+KvykIGhav0lz/um2E4=
  dependencies:
    "@babel/parser" "^7.16.4"
    "@vue/compiler-core" "3.2.47"
    "@vue/shared" "3.2.47"
    estree-walker "^2.0.2"
    magic-string "^0.25.7"

"@vue/reactivity@3.2.47":
  version "3.2.47"
  resolved "https://registry-npm.daojia-inc.com/@vue/reactivity/download/@vue/reactivity-3.2.47.tgz#1d6399074eadfc3ed35c727e2fd707d6881140b6"
  integrity sha1-HWOZB06t/D7TXHJ+L9cH1ogRQLY=
  dependencies:
    "@vue/shared" "3.2.47"

"@vue/runtime-core@3.2.47":
  version "3.2.47"
  resolved "https://registry-npm.daojia-inc.com/@vue/runtime-core/download/@vue/runtime-core-3.2.47.tgz#406ebade3d5551c00fc6409bbc1eeb10f32e121d"
  integrity sha1-QG663j1VUcAPxkCbvB7rEPMuEh0=
  dependencies:
    "@vue/reactivity" "3.2.47"
    "@vue/shared" "3.2.47"

"@vue/runtime-dom@3.2.47":
  version "3.2.47"
  resolved "https://registry-npm.daojia-inc.com/@vue/runtime-dom/download/@vue/runtime-dom-3.2.47.tgz#93e760eeaeab84dedfb7c3eaf3ed58d776299382"
  integrity sha1-k+dg7q6rhN7ft8Pq8+1Y13Ypk4I=
  dependencies:
    "@vue/runtime-core" "3.2.47"
    "@vue/shared" "3.2.47"
    csstype "^2.6.8"

"@vue/server-renderer@3.2.47":
  version "3.2.47"
  resolved "https://registry-npm.daojia-inc.com/@vue/server-renderer/download/@vue/server-renderer-3.2.47.tgz#8aa1d1871fc4eb5a7851aa7f741f8f700e6de3c0"
  integrity sha1-iqHRhx/E61p4Uap/dB+PcA5t48A=
  dependencies:
    "@vue/compiler-ssr" "3.2.47"
    "@vue/shared" "3.2.47"

"@vue/shared@3.2.47":
  version "3.2.47"
  resolved "https://registry-npm.daojia-inc.com/@vue/shared/download/@vue/shared-3.2.47.tgz#e597ef75086c6e896ff5478a6bfc0a7aa4bbd14c"
  integrity sha1-5ZfvdQhsbolv9UeKa/wKeqS70Uw=

"@vueuse/core@^9.13.0":
  version "9.13.0"
  resolved "https://registry.npmjs.org/@vueuse/core/-/core-9.13.0.tgz#2f69e66d1905c1e4eebc249a01759cf88ea00cf4"
  integrity sha512-pujnclbeHWxxPRqXWmdkKV5OX4Wk4YeK7wusHqRwU0Q7EFusHoqNA/aPhB6KCh9hEqJkLAJo7bb0Lh9b+OIVzw==
  dependencies:
    "@types/web-bluetooth" "^0.0.16"
    "@vueuse/metadata" "9.13.0"
    "@vueuse/shared" "9.13.0"
    vue-demi "*"

"@vueuse/metadata@9.13.0":
  version "9.13.0"
  resolved "https://registry.npmjs.org/@vueuse/metadata/-/metadata-9.13.0.tgz#bc25a6cdad1b1a93c36ce30191124da6520539ff"
  integrity sha512-gdU7TKNAUVlXXLbaF+ZCfte8BjRJQWPCa2J55+7/h+yDtzw3vOoGQDRXzI6pyKyo6bXFT5/QoPE4hAknExjRLQ==

"@vueuse/shared@9.13.0":
  version "9.13.0"
  resolved "https://registry.npmjs.org/@vueuse/shared/-/shared-9.13.0.tgz#089ff4cc4e2e7a4015e57a8f32e4b39d096353b9"
  integrity sha512-UrnhU+Cnufu4S6JLCPZnkWh0WwZGUp72ktOF2DFptMlOs3TOdVv8xJN53zhHGARmVOsz5KqOls09+J1NR6sBKw==
  dependencies:
    vue-demi "*"

algoliasearch@^4.0.0:
  version "4.10.5"
  resolved "https://registry-npm.daojia-inc.com/algoliasearch/download/algoliasearch-4.10.5.tgz#1faf34a3ae5ac3bef27282eb141251c70c7f5db2"
  integrity sha1-H680o65aw77ycoLrFBJRxwx/XbI=
  dependencies:
    "@algolia/cache-browser-local-storage" "4.10.5"
    "@algolia/cache-common" "4.10.5"
    "@algolia/cache-in-memory" "4.10.5"
    "@algolia/client-account" "4.10.5"
    "@algolia/client-analytics" "4.10.5"
    "@algolia/client-common" "4.10.5"
    "@algolia/client-personalization" "4.10.5"
    "@algolia/client-search" "4.10.5"
    "@algolia/logger-common" "4.10.5"
    "@algolia/logger-console" "4.10.5"
    "@algolia/requester-browser-xhr" "4.10.5"
    "@algolia/requester-common" "4.10.5"
    "@algolia/requester-node-http" "4.10.5"
    "@algolia/transporter" "4.10.5"

ansi-sequence-parser@^1.1.0:
  version "1.1.0"
  resolved "https://registry.npmjs.org/ansi-sequence-parser/-/ansi-sequence-parser-1.1.0.tgz#4d790f31236ac20366b23b3916b789e1bde39aed"
  integrity sha512-lEm8mt52to2fT8GhciPCGeCXACSz2UwIN4X2e2LJSnZ5uAbn2/dsYdOmUXq0AtWS5cpAupysIneExOgH0Vd2TQ==

body-scroll-lock@4.0.0-beta.0:
  version "4.0.0-beta.0"
  resolved "https://registry.npmjs.org/body-scroll-lock/-/body-scroll-lock-4.0.0-beta.0.tgz#4f78789d10e6388115c0460cd6d7d4dd2bbc4f7e"
  integrity sha512-a7tP5+0Mw3YlUJcGAKUqIBkYYGlYxk2fnCasq/FUph1hadxlTRjF+gAcZksxANnaMnALjxEddmSi/H3OR8ugcQ==

csstype@^2.6.8:
  version "2.6.21"
  resolved "https://registry-npm.daojia-inc.com/csstype/download/csstype-2.6.21.tgz#2efb85b7cc55c80017c66a5ad7cbd931fda3a90e"
  integrity sha1-LvuFt8xVyAAXxmpa18vZMf2jqQ4=

esbuild@^0.17.5:
  version "0.17.12"
  resolved "https://registry.npmjs.org/esbuild/-/esbuild-0.17.12.tgz#2ad7523bf1bc01881e9d904bc04e693bd3bdcf2f"
  integrity sha512-bX/zHl7Gn2CpQwcMtRogTTBf9l1nl+H6R8nUbjk+RuKqAE3+8FDulLA+pHvX7aA7Xe07Iwa+CWvy9I8Y2qqPKQ==
  optionalDependencies:
    "@esbuild/android-arm" "0.17.12"
    "@esbuild/android-arm64" "0.17.12"
    "@esbuild/android-x64" "0.17.12"
    "@esbuild/darwin-arm64" "0.17.12"
    "@esbuild/darwin-x64" "0.17.12"
    "@esbuild/freebsd-arm64" "0.17.12"
    "@esbuild/freebsd-x64" "0.17.12"
    "@esbuild/linux-arm" "0.17.12"
    "@esbuild/linux-arm64" "0.17.12"
    "@esbuild/linux-ia32" "0.17.12"
    "@esbuild/linux-loong64" "0.17.12"
    "@esbuild/linux-mips64el" "0.17.12"
    "@esbuild/linux-ppc64" "0.17.12"
    "@esbuild/linux-riscv64" "0.17.12"
    "@esbuild/linux-s390x" "0.17.12"
    "@esbuild/linux-x64" "0.17.12"
    "@esbuild/netbsd-x64" "0.17.12"
    "@esbuild/openbsd-x64" "0.17.12"
    "@esbuild/sunos-x64" "0.17.12"
    "@esbuild/win32-arm64" "0.17.12"
    "@esbuild/win32-ia32" "0.17.12"
    "@esbuild/win32-x64" "0.17.12"

estree-walker@^2.0.2:
  version "2.0.2"
  resolved "https://registry-npm.daojia-inc.com/estree-walker/download/estree-walker-2.0.2.tgz#52f010178c2a4c117a7757cfe942adb7d2da4cac"
  integrity sha1-UvAQF4wqTBF6d1fP6UKtt9LaTKw=

fsevents@~2.3.2:
  version "2.3.2"
  resolved "https://registry-npm.daojia-inc.com/fsevents/download/fsevents-2.3.2.tgz#8a526f78b8fdf4623b709e0b975c52c24c02fd1a"
  integrity sha1-ilJveLj99GI7cJ4Ll1xSwkwC/Ro=

function-bind@^1.1.1:
  version "1.1.1"
  resolved "https://registry-npm.daojia-inc.com/function-bind/download/function-bind-1.1.1.tgz#a56899d3ea3c9bab874bb9773b7c5ede92f4895d"
  integrity sha1-pWiZ0+o8m6uHS7l3O3xe3pL0iV0=

has@^1.0.3:
  version "1.0.3"
  resolved "https://registry-npm.daojia-inc.com/has/download/has-1.0.3.tgz#722d7cbfc1f6aa8241f16dd814e011e1f41e8796"
  integrity sha1-ci18v8H2qoJB8W3YFOAR4fQeh5Y=
  dependencies:
    function-bind "^1.1.1"

is-core-module@^2.9.0:
  version "2.11.0"
  resolved "https://registry-npm.daojia-inc.com/is-core-module/download/is-core-module-2.11.0.tgz#ad4cb3e3863e814523c96f3f58d26cc570ff0144"
  integrity sha1-rUyz44Y+gUUjyW8/WNJsxXD/AUQ=
  dependencies:
    has "^1.0.3"

jsonc-parser@^3.2.0:
  version "3.2.0"
  resolved "https://registry.npmjs.org/jsonc-parser/-/jsonc-parser-3.2.0.tgz#31ff3f4c2b9793f89c67212627c51c6394f88e76"
  integrity sha512-gfFQZrcTc8CnKXp6Y4/CBT3fTc0OVuDofpre4aEeEpSBPV5X5v4+Vmx+8snU7RLPrNHPKSgLxGo9YuQzz20o+w==

magic-string@^0.25.7:
  version "0.25.9"
  resolved "https://registry-npm.daojia-inc.com/magic-string/download/magic-string-0.25.9.tgz#de7f9faf91ef8a1c91d02c2e5314c8277dbcdd1c"
  integrity sha1-3n+fr5HvihyR0CwuUxTIJ3283Rw=
  dependencies:
    sourcemap-codec "^1.4.8"

nanoid@^3.3.4:
  version "3.3.4"
  resolved "https://registry-npm.daojia-inc.com/nanoid/download/nanoid-3.3.4.tgz#730b67e3cd09e2deacf03c027c81c9d9dbc5e8ab"
  integrity sha1-cwtn480J4t6s8DwCfIHJ2dvF6Ks=

path-parse@^1.0.7:
  version "1.0.7"
  resolved "https://registry-npm.daojia-inc.com/path-parse/download/path-parse-1.0.7.tgz#fbc114b60ca42b30d9daf5858e4bd68bbedb6735"
  integrity sha1-+8EUtgykKzDZ2vWFjkvWi77bZzU=

picocolors@^1.0.0:
  version "1.0.0"
  resolved "https://registry-npm.daojia-inc.com/picocolors/download/picocolors-1.0.0.tgz#cb5bdc74ff3f51892236eaf79d68bc44564ab81c"
  integrity sha1-y1vcdP8/UYkiNur3nWi8RFZKuBw=

postcss@^8.1.10, postcss@^8.4.21:
  version "8.4.21"
  resolved "https://registry-npm.daojia-inc.com/postcss/download/postcss-8.4.21.tgz#c639b719a57efc3187b13a1d765675485f4134f4"
  integrity sha1-xjm3GaV+/DGHsToddlZ1SF9BNPQ=
  dependencies:
    nanoid "^3.3.4"
    picocolors "^1.0.0"
    source-map-js "^1.0.2"

preact@^10.0.0:
  version "10.11.3"
  resolved "https://registry-npm.daojia-inc.com/preact/download/preact-10.11.3.tgz#8a7e4ba19d3992c488b0785afcc0f8aa13c78d19"
  integrity sha1-in5LoZ05ksSIsHha/MD4qhPHjRk=

resolve@^1.22.1:
  version "1.22.1"
  resolved "https://registry.npmjs.org/resolve/-/resolve-1.22.1.tgz#27cb2ebb53f91abb49470a928bba7558066ac177"
  integrity sha512-nBpuuYuY5jFsli/JIs1oldw6fOQCBioohqWZg/2hiaOybXOft4lonv85uDOKXdf8rhyK159cxU5cDcK/NKk8zw==
  dependencies:
    is-core-module "^2.9.0"
    path-parse "^1.0.7"
    supports-preserve-symlinks-flag "^1.0.0"

rollup@^3.18.0:
  version "3.20.2"
  resolved "https://registry.npmjs.org/rollup/-/rollup-3.20.2.tgz#f798c600317f216de2e4ad9f4d9ab30a89b690ff"
  integrity sha512-3zwkBQl7Ai7MFYQE0y1MeQ15+9jsi7XxfrqwTb/9EK8D9C9+//EBR4M+CuA1KODRaNbFez/lWxA5vhEGZp4MUg==
  optionalDependencies:
    fsevents "~2.3.2"

shiki@^0.14.1:
  version "0.14.1"
  resolved "https://registry.npmjs.org/shiki/-/shiki-0.14.1.tgz#9fbe082d0a8aa2ad63df4fbf2ee11ec924aa7ee1"
  integrity sha512-+Jz4nBkCBe0mEDqo1eKRcCdjRtrCjozmcbTUjbPTX7OOJfEbTZzlUWlZtGe3Gb5oV1/jnojhG//YZc3rs9zSEw==
  dependencies:
    ansi-sequence-parser "^1.1.0"
    jsonc-parser "^3.2.0"
    vscode-oniguruma "^1.7.0"
    vscode-textmate "^8.0.0"

source-map-js@^1.0.2:
  version "1.0.2"
  resolved "https://registry-npm.daojia-inc.com/source-map-js/download/source-map-js-1.0.2.tgz#adbc361d9c62df380125e7f161f71c826f1e490c"
  integrity sha1-rbw2HZxi3zgBJefxYfccgm8eSQw=

source-map@^0.6.1:
  version "0.6.1"
  resolved "https://registry-npm.daojia-inc.com/source-map/download/source-map-0.6.1.tgz#74722af32e9614e9c287a8d0bbde48b5e2f1a263"
  integrity sha1-dHIq8y6WFOnCh6jQu95IteLxomM=

sourcemap-codec@^1.4.8:
  version "1.4.8"
  resolved "https://registry-npm.daojia-inc.com/sourcemap-codec/download/sourcemap-codec-1.4.8.tgz#ea804bd94857402e6992d05a38ef1ae35a9ab4c4"
  integrity sha1-6oBL2UhXQC5pktBaOO8a41qatMQ=

supports-preserve-symlinks-flag@^1.0.0:
  version "1.0.0"
  resolved "https://registry-npm.daojia-inc.com/supports-preserve-symlinks-flag/download/supports-preserve-symlinks-flag-1.0.0.tgz#6eda4bd344a3c94aea376d4cc31bc77311039e09"
  integrity sha1-btpL00SjyUrqN21MwxvHcxEDngk=

vite@^4.2.1:
  version "4.2.1"
  resolved "https://registry.npmjs.org/vite/-/vite-4.2.1.tgz#6c2eb337b0dfd80a9ded5922163b94949d7fc254"
  integrity sha512-7MKhqdy0ISo4wnvwtqZkjke6XN4taqQ2TBaTccLIpOKv7Vp2h4Y+NpmWCnGDeSvvn45KxvWgGyb0MkHvY1vgbg==
  dependencies:
    esbuild "^0.17.5"
    postcss "^8.4.21"
    resolve "^1.22.1"
    rollup "^3.18.0"
  optionalDependencies:
    fsevents "~2.3.2"

vitepress@^1.0.0-alpha.61:
  version "1.0.0-alpha.61"
  resolved "https://registry.npmjs.org/vitepress/-/vitepress-1.0.0-alpha.61.tgz#ae916dadbff77051661e4537d9b848c016675681"
  integrity sha512-NvzERVS3/TU9YkYcaiK7yNSe0zY9UcSV58tx3mxbvVLCuwRykzO4OWbl6vQT6Ut6YGuZU1y3Z5WcSS+fHfaxJA==
  dependencies:
    "@docsearch/css" "^3.3.3"
    "@docsearch/js" "^3.3.3"
    "@vitejs/plugin-vue" "^4.1.0"
    "@vue/devtools-api" "^6.5.0"
    "@vueuse/core" "^9.13.0"
    body-scroll-lock "4.0.0-beta.0"
    shiki "^0.14.1"
    vite "^4.2.1"
    vue "^3.2.47"

vscode-oniguruma@^1.7.0:
  version "1.7.0"
  resolved "https://registry.npmjs.org/vscode-oniguruma/-/vscode-oniguruma-1.7.0.tgz#439bfad8fe71abd7798338d1cd3dc53a8beea94b"
  integrity sha512-L9WMGRfrjOhgHSdOYgCt/yRMsXzLDJSL7BPrOZt73gU0iWO4mpqzqQzOz5srxqTvMBaR0XZTSrVWo4j55Rc6cA==

vscode-textmate@^8.0.0:
  version "8.0.0"
  resolved "https://registry.npmjs.org/vscode-textmate/-/vscode-textmate-8.0.0.tgz#2c7a3b1163ef0441097e0b5d6389cd5504b59e5d"
  integrity sha512-AFbieoL7a5LMqcnOF04ji+rpXadgOXnZsxQr//r83kLPr7biP7am3g9zbaZIaBGwBRWeSvoMD4mgPdX3e4NWBg==

vue-demi@*:
  version "0.13.11"
  resolved "https://registry.npmjs.org/vue-demi/-/vue-demi-0.13.11.tgz#7d90369bdae8974d87b1973564ad390182410d99"
  integrity sha512-IR8HoEEGM65YY3ZJYAjMlKygDQn25D5ajNFNoKh9RSDMQtlzCxtfQjdQgv9jjK+m3377SsJXY8ysq8kLCZL25A==

vue@^3.2.47:
  version "3.2.47"
  resolved "https://registry-npm.daojia-inc.com/vue/download/vue-3.2.47.tgz#3eb736cbc606fc87038dbba6a154707c8a34cff0"
  integrity sha1-Prc2y8YG/IcDjbumoVRwfIo0z/A=
  dependencies:
    "@vue/compiler-dom" "3.2.47"
    "@vue/compiler-sfc" "3.2.47"
    "@vue/runtime-dom" "3.2.47"
    "@vue/server-renderer" "3.2.47"
    "@vue/shared" "3.2.47"
